
Microsoft Visual Studio Solution File, Format Version 12.00
# Visual Studio Version 17
VisualStudioVersion = 17.7.34031.279
MinimumVisualStudioVersion = 10.0.40219.1
Project("{FAE04EC0-301F-11D3-BF4B-00C04F79EFBC}") = "SpecFlowApiProject", "SpecFlowApiProject.csproj", "{AED00AD4-5F72-4E91-965C-33232E836F75}"
EndProject
Global
	GlobalSection(SolutionConfigurationPlatforms) = preSolution
		Debug|Any CPU = Debug|Any CPU
		Release|Any CPU = Release|Any CPU
	EndGlobalSection
	GlobalSection(ProjectConfigurationPlatforms) = postSolution
		{AED00AD4-5F72-4E91-965C-33232E836F75}.Debug|Any CPU.ActiveCfg = Debug|Any CPU
		{AED00AD4-5F72-4E91-965C-33232E836F75}.Debug|Any CPU.Build.0 = Debug|Any CPU
		{AED00AD4-5F72-4E91-965C-33232E836F75}.Release|Any CPU.ActiveCfg = Release|Any CPU
		{AED00AD4-5F72-4E91-965C-33232E836F75}.Release|Any CPU.Build.0 = Release|Any CPU
	EndGlobalSection
	GlobalSection(SolutionProperties) = preSolution
		HideSolutionNode = FALSE
	EndGlobalSection
	GlobalSection(ExtensibilityGlobals) = postSolution
		SolutionGuid = {6FE79BB3-6583-42D6-AC8A-009DB61B6909}
	EndGlobalSection
EndGlobal
